
Microsoft Visual Studio Solution File, Format Version 12.00
# Visual Studio Version 17
VisualStudioVersion = 17.6.33829.357
MinimumVisualStudioVersion = 10.0.40219.1
Project("{FAE04EC0-301F-11D3-BF4B-00C04F79EFBC}") = "Zadanie1", "Zadanie1\Zadanie1.csproj", "{7EBA504B-CBB4-4201-AAAB-29C03A0A34F3}"
EndProject
Global
	GlobalSection(SolutionConfigurationPlatforms) = preSolution
		Debug|Any CPU = Debug|Any CPU
		Release|Any CPU = Release|Any CPU
	EndGlobalSection
	GlobalSection(ProjectConfigurationPlatforms) = postSolution
		{7EBA504B-CBB4-4201-AAAB-29C03A0A34F3}.Debug|Any CPU.ActiveCfg = Debug|Any CPU
		{7EBA504B-CBB4-4201-AAAB-29C03A0A34F3}.Debug|Any CPU.Build.0 = Debug|Any CPU
		{7EBA504B-CBB4-4201-AAAB-29C03A0A34F3}.Release|Any CPU.ActiveCfg = Release|Any CPU
		{7EBA504B-CBB4-4201-AAAB-29C03A0A34F3}.Release|Any CPU.Build.0 = Release|Any CPU
	EndGlobalSection
	GlobalSection(SolutionProperties) = preSolution
		HideSolutionNode = FALSE
	EndGlobalSection
	GlobalSection(ExtensibilityGlobals) = postSolution
		SolutionGuid = {2F138EE1-2CCC-4298-8249-927BBC4C6092}
	EndGlobalSection
EndGlobal
